
Microsoft Visual Studio Solution File, Format Version 12.00
# Visual Studio 2013
VisualStudioVersion = 12.0.30324.0
MinimumVisualStudioVersion = 10.0.40219.1
Project("{8BC9CEB8-8B4A-11D0-8D11-00A0C91BC942}") = "client", "client\client.vcxproj", "{E6E773DD-B283-4630-9E60-D3B5CA015446}"
	ProjectSection(ProjectDependencies) = postProject
		{B579B983-7FE3-4C6B-8EE5-2ACBAA13DC65} = {B579B983-7FE3-4C6B-8EE5-2ACBAA13DC65}
		{CF61AD8F-BC58-4EFE-A741-8AF01915DE72} = {CF61AD8F-BC58-4EFE-A741-8AF01915DE72}
	EndProjectSection
EndProject
Project("{8BC9CEB8-8B4A-11D0-8D11-00A0C91BC942}") = "server", "server\server.vcxproj", "{CD700BE1-9A30-4005-9EB7-C2428EF8A040}"
	ProjectSection(ProjectDependencies) = postProject
		{CF61AD8F-BC58-4EFE-A741-8AF01915DE72} = {CF61AD8F-BC58-4EFE-A741-8AF01915DE72}
	EndProjectSection
EndProject
Project("{8BC9CEB8-8B4A-11D0-8D11-00A0C91BC942}") = "game-core", "game-core\game-core.vcxproj", "{CF61AD8F-BC58-4EFE-A741-8AF01915DE72}"
	ProjectSection(ProjectDependencies) = postProject
		{AA00E1FE-B197-4A20-AC31-779FE1501EF5} = {AA00E1FE-B197-4A20-AC31-779FE1501EF5}
	EndProjectSection
EndProject
Project("{8BC9CEB8-8B4A-11D0-8D11-00A0C91BC942}") = "game-media", "game-media\game-media.vcxproj", "{B579B983-7FE3-4C6B-8EE5-2ACBAA13DC65}"
	ProjectSection(ProjectDependencies) = postProject
		{CF61AD8F-BC58-4EFE-A741-8AF01915DE72} = {CF61AD8F-BC58-4EFE-A741-8AF01915DE72}
	EndProjectSection
EndProject
Project("{8BC9CEB8-8B4A-11D0-8D11-00A0C91BC942}") = "Common", "..\engine\Common\Common.vcxproj", "{AA00E1FE-B197-4A20-AC31-779FE1501EF5}"
EndProject
Global
	GlobalSection(SolutionConfigurationPlatforms) = preSolution
		Debug|Win32 = Debug|Win32
		Release|Win32 = Release|Win32
	EndGlobalSection
	GlobalSection(ProjectConfigurationPlatforms) = postSolution
		{E6E773DD-B283-4630-9E60-D3B5CA015446}.Debug|Win32.ActiveCfg = Debug|Win32
		{E6E773DD-B283-4630-9E60-D3B5CA015446}.Debug|Win32.Build.0 = Debug|Win32
		{E6E773DD-B283-4630-9E60-D3B5CA015446}.Release|Win32.ActiveCfg = Release|Win32
		{E6E773DD-B283-4630-9E60-D3B5CA015446}.Release|Win32.Build.0 = Release|Win32
		{CD700BE1-9A30-4005-9EB7-C2428EF8A040}.Debug|Win32.ActiveCfg = Debug|Win32
		{CD700BE1-9A30-4005-9EB7-C2428EF8A040}.Debug|Win32.Build.0 = Debug|Win32
		{CD700BE1-9A30-4005-9EB7-C2428EF8A040}.Release|Win32.ActiveCfg = Release|Win32
		{CD700BE1-9A30-4005-9EB7-C2428EF8A040}.Release|Win32.Build.0 = Release|Win32
		{CF61AD8F-BC58-4EFE-A741-8AF01915DE72}.Debug|Win32.ActiveCfg = Debug|Win32
		{CF61AD8F-BC58-4EFE-A741-8AF01915DE72}.Debug|Win32.Build.0 = Debug|Win32
		{CF61AD8F-BC58-4EFE-A741-8AF01915DE72}.Release|Win32.ActiveCfg = Release|Win32
		{CF61AD8F-BC58-4EFE-A741-8AF01915DE72}.Release|Win32.Build.0 = Release|Win32
		{B579B983-7FE3-4C6B-8EE5-2ACBAA13DC65}.Debug|Win32.ActiveCfg = Debug|Win32
		{B579B983-7FE3-4C6B-8EE5-2ACBAA13DC65}.Debug|Win32.Build.0 = Debug|Win32
		{B579B983-7FE3-4C6B-8EE5-2ACBAA13DC65}.Release|Win32.ActiveCfg = Release|Win32
		{B579B983-7FE3-4C6B-8EE5-2ACBAA13DC65}.Release|Win32.Build.0 = Release|Win32
		{AA00E1FE-B197-4A20-AC31-779FE1501EF5}.Debug|Win32.ActiveCfg = Debug|Win32
		{AA00E1FE-B197-4A20-AC31-779FE1501EF5}.Debug|Win32.Build.0 = Debug|Win32
		{AA00E1FE-B197-4A20-AC31-779FE1501EF5}.Release|Win32.ActiveCfg = Release|Win32
		{AA00E1FE-B197-4A20-AC31-779FE1501EF5}.Release|Win32.Build.0 = Release|Win32
	EndGlobalSection
	GlobalSection(SolutionProperties) = preSolution
		HideSolutionNode = FALSE
	EndGlobalSection
EndGlobal
